
Microsoft Visual Studio Solution File, Format Version 12.00
# Visual Studio Version 17
VisualStudioVersion = 17.0.32112.339
MinimumVisualStudioVersion = 10.0.40219.1
Project("{FAE04EC0-301F-11D3-BF4B-00C04F79EFBC}") = "kursovaya_rabota", "kursovaya_rabota\kursovaya_rabota.csproj", "{665A567E-79E6-4FDC-9272-B52C2D780E70}"
EndProject
Global
	GlobalSection(SolutionConfigurationPlatforms) = preSolution
		Debug|Any CPU = Debug|Any CPU
		Release|Any CPU = Release|Any CPU
	EndGlobalSection
	GlobalSection(ProjectConfigurationPlatforms) = postSolution
		{665A567E-79E6-4FDC-9272-B52C2D780E70}.Debug|Any CPU.ActiveCfg = Debug|Any CPU
		{665A567E-79E6-4FDC-9272-B52C2D780E70}.Debug|Any CPU.Build.0 = Debug|Any CPU
		{665A567E-79E6-4FDC-9272-B52C2D780E70}.Release|Any CPU.ActiveCfg = Release|Any CPU
		{665A567E-79E6-4FDC-9272-B52C2D780E70}.Release|Any CPU.Build.0 = Release|Any CPU
	EndGlobalSection
	GlobalSection(SolutionProperties) = preSolution
		HideSolutionNode = FALSE
	EndGlobalSection
	GlobalSection(ExtensibilityGlobals) = postSolution
		SolutionGuid = {4EB56338-1CA0-4226-BE60-8E5AAC28A1C8}
	EndGlobalSection
EndGlobal
